{
  "name": "fire-department-2021",
  "version": "1.0.0",
  "lockfileVersion": 1,
  "requires": true,
  "dependencies": {
    "braintree-jsdoc-template": {
      "version": "3.3.0",
      "resolved": "https://registry.npmjs.org/braintree-jsdoc-template/-/braintree-jsdoc-template-3.3.0.tgz",
      "integrity": "sha512-sjkq3w1Dt1HO/yKa2WzFpsi+cuO5qv0kD2kHl6T0amdrnQX9T7sQBBde56iYR1dzXFYMXyh7ti/662v9/00bGw=="
    },
    "bulma-calendar": {
      "version": "6.1.0",
      "resolved": "https://registry.npmjs.org/bulma-calendar/-/bulma-calendar-6.1.0.tgz",
      "integrity": "sha512-KjODRyJSRuSoYKButVWFsxWgoJDt1VWC7gXqcRMNVM/mqGuw1ivygvteKtYVZ0e99kQwUEwMNHGrXI/JsQig3g==",
      "requires": {
        "date-and-time": "^0.14.2",
        "date-fns": "^1.29.0"
      }
    },
    "date-and-time": {
      "version": "0.14.2",
      "resolved": "https://registry.npmjs.org/date-and-time/-/date-and-time-0.14.2.tgz",
      "integrity": "sha512-EFTCh9zRSEpGPmJaexg7HTuzZHh6cnJj1ui7IGCFNXzd2QdpsNh05Db5TF3xzJm30YN+A8/6xHSuRcQqoc3kFA=="
    },
    "date-fns": {
      "version": "1.30.1",
      "resolved": "https://registry.npmjs.org/date-fns/-/date-fns-1.30.1.tgz",
      "integrity": "sha512-hBSVCvSmWC+QypYObzwGOd9wqdDpOt+0wl0KbU+R+uuZBS1jN8VsD1ss3irQDknRj5NvxiTF6oj/nDRnN/UQNw=="
    },
    "graceful-fs": {
      "version": "4.2.6",
      "resolved": "https://registry.npmjs.org/graceful-fs/-/graceful-fs-4.2.6.tgz",
      "integrity": "sha512-nTnJ528pbqxYanhpDYsi4Rd8MAeaBA67+RZ10CM1m3bTAVFEDcd5AuA4a6W5YkGZ1iNXHzZz8T6TBKLeBuNriQ=="
    },
    "imurmurhash": {
      "version": "0.1.4",
      "resolved": "https://registry.npmjs.org/imurmurhash/-/imurmurhash-0.1.4.tgz",
      "integrity": "sha1-khi5srkoojixPcT7a21XbyMUU+o="
    },
    "node-localstorage": {
      "version": "2.1.6",
      "resolved": "https://registry.npmjs.org/node-localstorage/-/node-localstorage-2.1.6.tgz",
      "integrity": "sha512-yE7AycE5G2hU55d+F7Ona9nx97C+enJzWWx6jrsji7fuPZFJOvuW3X/LKKAcXRBcEIJPDOKt8ZiFWFmShR/irg==",
      "requires": {
        "write-file-atomic": "^1.1.4"
      }
    },
    "slide": {
      "version": "1.1.6",
      "resolved": "https://registry.npmjs.org/slide/-/slide-1.1.6.tgz",
      "integrity": "sha1-VusCfWW00tzmyy4tMsTUr8nh1wc="
    },
    "write-file-atomic": {
      "version": "1.3.4",
      "resolved": "https://registry.npmjs.org/write-file-atomic/-/write-file-atomic-1.3.4.tgz",
      "integrity": "sha1-+Aek8LHZ6ROuekgRLmzDrxmRtF8=",
      "requires": {
        "graceful-fs": "^4.1.11",
        "imurmurhash": "^0.1.4",
        "slide": "^1.1.5"
      }
    }
  }
}
